
Microsoft Visual Studio Solution File, Format Version 12.00
# Visual Studio Version 16
VisualStudioVersion = 16.0.28803.156
MinimumVisualStudioVersion = 10.0.40219.1
Project("{FAE04EC0-301F-11D3-BF4B-00C04F79EFBC}") = "wpfuwp", "wpfuwp\wpfuwp.csproj", "{5BBC1728-555E-4885-9F78-388A0EE4DC4F}"
EndProject
Project("{C7167F0D-BC9F-4E6E-AFE1-012C56B48DB5}") = "uep", "uep\uep.wapproj", "{1A441FAE-FA28-44DB-BF0B-A75937C6E0CD}"
EndProject
Global
	GlobalSection(SolutionConfigurationPlatforms) = preSolution
		Debug|Any CPU = Debug|Any CPU
		Debug|ARM = Debug|ARM
		Debug|ARM64 = Debug|ARM64
		Debug|x64 = Debug|x64
		Debug|x86 = Debug|x86
		Release|Any CPU = Release|Any CPU
		Release|ARM = Release|ARM
		Release|ARM64 = Release|ARM64
		Release|x64 = Release|x64
		Release|x86 = Release|x86
	EndGlobalSection
	GlobalSection(ProjectConfigurationPlatforms) = postSolution
		{5BBC1728-555E-4885-9F78-388A0EE4DC4F}.Debug|Any CPU.ActiveCfg = Debug|Any CPU
		{5BBC1728-555E-4885-9F78-388A0EE4DC4F}.Debug|Any CPU.Build.0 = Debug|Any CPU
		{5BBC1728-555E-4885-9F78-388A0EE4DC4F}.Debug|ARM.ActiveCfg = Debug|Any CPU
		{5BBC1728-555E-4885-9F78-388A0EE4DC4F}.Debug|ARM.Build.0 = Debug|Any CPU
		{5BBC1728-555E-4885-9F78-388A0EE4DC4F}.Debug|ARM64.ActiveCfg = Debug|Any CPU
		{5BBC1728-555E-4885-9F78-388A0EE4DC4F}.Debug|ARM64.Build.0 = Debug|Any CPU
		{5BBC1728-555E-4885-9F78-388A0EE4DC4F}.Debug|x64.ActiveCfg = Debug|Any CPU
		{5BBC1728-555E-4885-9F78-388A0EE4DC4F}.Debug|x64.Build.0 = Debug|Any CPU
		{5BBC1728-555E-4885-9F78-388A0EE4DC4F}.Debug|x86.ActiveCfg = Debug|Any CPU
		{5BBC1728-555E-4885-9F78-388A0EE4DC4F}.Debug|x86.Build.0 = Debug|Any CPU
		{5BBC1728-555E-4885-9F78-388A0EE4DC4F}.Release|Any CPU.ActiveCfg = Release|Any CPU
		{5BBC1728-555E-4885-9F78-388A0EE4DC4F}.Release|Any CPU.Build.0 = Release|Any CPU
		{5BBC1728-555E-4885-9F78-388A0EE4DC4F}.Release|ARM.ActiveCfg = Release|Any CPU
		{5BBC1728-555E-4885-9F78-388A0EE4DC4F}.Release|ARM.Build.0 = Release|Any CPU
		{5BBC1728-555E-4885-9F78-388A0EE4DC4F}.Release|ARM64.ActiveCfg = Release|Any CPU
		{5BBC1728-555E-4885-9F78-388A0EE4DC4F}.Release|ARM64.Build.0 = Release|Any CPU
		{5BBC1728-555E-4885-9F78-388A0EE4DC4F}.Release|x64.ActiveCfg = Release|Any CPU
		{5BBC1728-555E-4885-9F78-388A0EE4DC4F}.Release|x64.Build.0 = Release|Any CPU
		{5BBC1728-555E-4885-9F78-388A0EE4DC4F}.Release|x86.ActiveCfg = Release|Any CPU
		{5BBC1728-555E-4885-9F78-388A0EE4DC4F}.Release|x86.Build.0 = Release|Any CPU
		{1A441FAE-FA28-44DB-BF0B-A75937C6E0CD}.Debug|Any CPU.ActiveCfg = Debug|Any CPU
		{1A441FAE-FA28-44DB-BF0B-A75937C6E0CD}.Debug|Any CPU.Build.0 = Debug|Any CPU
		{1A441FAE-FA28-44DB-BF0B-A75937C6E0CD}.Debug|Any CPU.Deploy.0 = Debug|Any CPU
		{1A441FAE-FA28-44DB-BF0B-A75937C6E0CD}.Debug|ARM.ActiveCfg = Debug|ARM
		{1A441FAE-FA28-44DB-BF0B-A75937C6E0CD}.Debug|ARM.Build.0 = Debug|ARM
		{1A441FAE-FA28-44DB-BF0B-A75937C6E0CD}.Debug|ARM.Deploy.0 = Debug|ARM
		{1A441FAE-FA28-44DB-BF0B-A75937C6E0CD}.Debug|ARM64.ActiveCfg = Debug|ARM64
		{1A441FAE-FA28-44DB-BF0B-A75937C6E0CD}.Debug|ARM64.Build.0 = Debug|ARM64
		{1A441FAE-FA28-44DB-BF0B-A75937C6E0CD}.Debug|ARM64.Deploy.0 = Debug|ARM64
		{1A441FAE-FA28-44DB-BF0B-A75937C6E0CD}.Debug|x64.ActiveCfg = Debug|x64
		{1A441FAE-FA28-44DB-BF0B-A75937C6E0CD}.Debug|x64.Build.0 = Debug|x64
		{1A441FAE-FA28-44DB-BF0B-A75937C6E0CD}.Debug|x64.Deploy.0 = Debug|x64
		{1A441FAE-FA28-44DB-BF0B-A75937C6E0CD}.Debug|x86.ActiveCfg = Debug|x86
		{1A441FAE-FA28-44DB-BF0B-A75937C6E0CD}.Debug|x86.Build.0 = Debug|x86
		{1A441FAE-FA28-44DB-BF0B-A75937C6E0CD}.Debug|x86.Deploy.0 = Debug|x86
		{1A441FAE-FA28-44DB-BF0B-A75937C6E0CD}.Release|Any CPU.ActiveCfg = Release|Any CPU
		{1A441FAE-FA28-44DB-BF0B-A75937C6E0CD}.Release|Any CPU.Build.0 = Release|Any CPU
		{1A441FAE-FA28-44DB-BF0B-A75937C6E0CD}.Release|Any CPU.Deploy.0 = Release|Any CPU
		{1A441FAE-FA28-44DB-BF0B-A75937C6E0CD}.Release|ARM.ActiveCfg = Release|ARM
		{1A441FAE-FA28-44DB-BF0B-A75937C6E0CD}.Release|ARM.Build.0 = Release|ARM
		{1A441FAE-FA28-44DB-BF0B-A75937C6E0CD}.Release|ARM.Deploy.0 = Release|ARM
		{1A441FAE-FA28-44DB-BF0B-A75937C6E0CD}.Release|ARM64.ActiveCfg = Release|ARM64
		{1A441FAE-FA28-44DB-BF0B-A75937C6E0CD}.Release|ARM64.Build.0 = Release|ARM64
		{1A441FAE-FA28-44DB-BF0B-A75937C6E0CD}.Release|ARM64.Deploy.0 = Release|ARM64
		{1A441FAE-FA28-44DB-BF0B-A75937C6E0CD}.Release|x64.ActiveCfg = Release|x64
		{1A441FAE-FA28-44DB-BF0B-A75937C6E0CD}.Release|x64.Build.0 = Release|x64
		{1A441FAE-FA28-44DB-BF0B-A75937C6E0CD}.Release|x64.Deploy.0 = Release|x64
		{1A441FAE-FA28-44DB-BF0B-A75937C6E0CD}.Release|x86.ActiveCfg = Release|x86
		{1A441FAE-FA28-44DB-BF0B-A75937C6E0CD}.Release|x86.Build.0 = Release|x86
		{1A441FAE-FA28-44DB-BF0B-A75937C6E0CD}.Release|x86.Deploy.0 = Release|x86
	EndGlobalSection
	GlobalSection(SolutionProperties) = preSolution
		HideSolutionNode = FALSE
	EndGlobalSection
	GlobalSection(ExtensibilityGlobals) = postSolution
		SolutionGuid = {E686538F-3A1C-4B99-AF0A-AF7B91D0AC2D}
	EndGlobalSection
EndGlobal
